
Microsoft Visual Studio Solution File, Format Version 12.00
# Visual Studio Version 16
VisualStudioVersion = 16.0.30011.22
MinimumVisualStudioVersion = 10.0.40219.1
Project("{FAE04EC0-301F-11D3-BF4B-00C04F79EFBC}") = "VGTServer", "VGTServer\VGTServer.csproj", "{3DD1DA4D-1C95-4A5E-95A0-C5B8BB4FB491}"
EndProject
Project("{FAE04EC0-301F-11D3-BF4B-00C04F79EFBC}") = "VGTDataStore.Core", "VGTDataStore.Core\VGTDataStore.Core.csproj", "{76D545DD-F0D7-4729-99F5-3080FB1183D9}"
EndProject
Project("{FAE04EC0-301F-11D3-BF4B-00C04F79EFBC}") = "VGTDataStore.InMemory", "VGTDataStore.InMemory\VGTDataStore.InMemory.csproj", "{2751499A-D2EA-408F-BF79-E044AA8A1001}"
EndProject
Global
	GlobalSection(SolutionConfigurationPlatforms) = preSolution
		Debug|Any CPU = Debug|Any CPU
		Release|Any CPU = Release|Any CPU
	EndGlobalSection
	GlobalSection(ProjectConfigurationPlatforms) = postSolution
		{3DD1DA4D-1C95-4A5E-95A0-C5B8BB4FB491}.Debug|Any CPU.ActiveCfg = Debug|Any CPU
		{3DD1DA4D-1C95-4A5E-95A0-C5B8BB4FB491}.Debug|Any CPU.Build.0 = Debug|Any CPU
		{3DD1DA4D-1C95-4A5E-95A0-C5B8BB4FB491}.Release|Any CPU.ActiveCfg = Release|Any CPU
		{3DD1DA4D-1C95-4A5E-95A0-C5B8BB4FB491}.Release|Any CPU.Build.0 = Release|Any CPU
		{76D545DD-F0D7-4729-99F5-3080FB1183D9}.Debug|Any CPU.ActiveCfg = Debug|Any CPU
		{76D545DD-F0D7-4729-99F5-3080FB1183D9}.Debug|Any CPU.Build.0 = Debug|Any CPU
		{76D545DD-F0D7-4729-99F5-3080FB1183D9}.Release|Any CPU.ActiveCfg = Release|Any CPU
		{76D545DD-F0D7-4729-99F5-3080FB1183D9}.Release|Any CPU.Build.0 = Release|Any CPU
		{2751499A-D2EA-408F-BF79-E044AA8A1001}.Debug|Any CPU.ActiveCfg = Debug|Any CPU
		{2751499A-D2EA-408F-BF79-E044AA8A1001}.Debug|Any CPU.Build.0 = Debug|Any CPU
		{2751499A-D2EA-408F-BF79-E044AA8A1001}.Release|Any CPU.ActiveCfg = Release|Any CPU
		{2751499A-D2EA-408F-BF79-E044AA8A1001}.Release|Any CPU.Build.0 = Release|Any CPU
	EndGlobalSection
	GlobalSection(SolutionProperties) = preSolution
		HideSolutionNode = FALSE
	EndGlobalSection
	GlobalSection(ExtensibilityGlobals) = postSolution
		SolutionGuid = {93FFC238-BEF6-4E7F-8596-70B93C4102B9}
	EndGlobalSection
EndGlobal
